
Microsoft Visual Studio Solution File, Format Version 12.00
# Visual Studio Version 16
VisualStudioVersion = 16.0.30204.135
MinimumVisualStudioVersion = 10.0.40219.1
Project("{FAE04EC0-301F-11D3-BF4B-00C04F79EFBC}") = "Sample.Contract", "Sample.Contract\Sample.Contract.csproj", "{99CC3CA4-2F09-4A80-BA80-ACB47653D397}"
EndProject
Project("{FAE04EC0-301F-11D3-BF4B-00C04F79EFBC}") = "Sample.Consoles", "Sample.Consoles\Sample.Consoles.csproj", "{3CE58F0C-A62D-4CF2-AA3E-208AE294DB24}"
EndProject
Global
	GlobalSection(SolutionConfigurationPlatforms) = preSolution
		Debug|Any CPU = Debug|Any CPU
		Release|Any CPU = Release|Any CPU
	EndGlobalSection
	GlobalSection(ProjectConfigurationPlatforms) = postSolution
		{99CC3CA4-2F09-4A80-BA80-ACB47653D397}.Debug|Any CPU.ActiveCfg = Debug|Any CPU
		{99CC3CA4-2F09-4A80-BA80-ACB47653D397}.Debug|Any CPU.Build.0 = Debug|Any CPU
		{99CC3CA4-2F09-4A80-BA80-ACB47653D397}.Release|Any CPU.ActiveCfg = Release|Any CPU
		{99CC3CA4-2F09-4A80-BA80-ACB47653D397}.Release|Any CPU.Build.0 = Release|Any CPU
		{3CE58F0C-A62D-4CF2-AA3E-208AE294DB24}.Debug|Any CPU.ActiveCfg = Debug|Any CPU
		{3CE58F0C-A62D-4CF2-AA3E-208AE294DB24}.Debug|Any CPU.Build.0 = Debug|Any CPU
		{3CE58F0C-A62D-4CF2-AA3E-208AE294DB24}.Release|Any CPU.ActiveCfg = Release|Any CPU
		{3CE58F0C-A62D-4CF2-AA3E-208AE294DB24}.Release|Any CPU.Build.0 = Release|Any CPU
	EndGlobalSection
	GlobalSection(SolutionProperties) = preSolution
		HideSolutionNode = FALSE
	EndGlobalSection
	GlobalSection(ExtensibilityGlobals) = postSolution
		SolutionGuid = {E16CE7E7-5454-4201-B5CE-356FB13C2667}
	EndGlobalSection
EndGlobal
